
Microsoft Visual Studio Solution File, Format Version 12.00
Project("{FAE04EC0-301F-11D3-BF4B-00C04F79EFBC}") = "CiService", "apps\CiService\CiService.csproj", "{46724A3E-3FC5-4C96-B981-E0B13B4BC7CE}"
EndProject
Project("{FAE04EC0-301F-11D3-BF4B-00C04F79EFBC}") = "CodeRepositoryService", "apps\CodeRepositoryService\CodeRepositoryService.csproj", "{C72E82AC-1C01-4FD6-88B2-FD0A5506786E}"
EndProject
Global
	GlobalSection(SolutionConfigurationPlatforms) = preSolution
		Debug|Any CPU = Debug|Any CPU
		Release|Any CPU = Release|Any CPU
	EndGlobalSection
	GlobalSection(ProjectConfigurationPlatforms) = postSolution
		{46724A3E-3FC5-4C96-B981-E0B13B4BC7CE}.Debug|Any CPU.ActiveCfg = Debug|Any CPU
		{46724A3E-3FC5-4C96-B981-E0B13B4BC7CE}.Debug|Any CPU.Build.0 = Debug|Any CPU
		{46724A3E-3FC5-4C96-B981-E0B13B4BC7CE}.Release|Any CPU.ActiveCfg = Release|Any CPU
		{46724A3E-3FC5-4C96-B981-E0B13B4BC7CE}.Release|Any CPU.Build.0 = Release|Any CPU
		{C72E82AC-1C01-4FD6-88B2-FD0A5506786E}.Debug|Any CPU.ActiveCfg = Debug|Any CPU
		{C72E82AC-1C01-4FD6-88B2-FD0A5506786E}.Debug|Any CPU.Build.0 = Debug|Any CPU
		{C72E82AC-1C01-4FD6-88B2-FD0A5506786E}.Release|Any CPU.ActiveCfg = Release|Any CPU
		{C72E82AC-1C01-4FD6-88B2-FD0A5506786E}.Release|Any CPU.Build.0 = Release|Any CPU
	EndGlobalSection
EndGlobal
